{
  "name": "struct-extras",
  "version": "0.1.0",
  "lockfileVersion": 1,
  "requires": true,
  "dependencies": {
    "clone-deep": {
      "version": "2.0.1",
      "resolved": "https://registry.npmjs.org/clone-deep/-/clone-deep-2.0.1.tgz",
      "integrity": "sha512-odS1ucsnBgQ15htQZQ++HaoO/T5lbOKTL1pRlwdUv03T8vhyNTBZjr7JIZfQhyYl0rBIT+gemHDMSPaXMK6/CA==",
      "requires": {
        "for-own": "1.0.0",
        "is-plain-object": "2.0.4",
        "kind-of": "6.0.2",
        "shallow-clone": "2.0.2"
      }
    },
    "for-in": {
      "version": "1.0.2",
      "resolved": "https://registry.npmjs.org/for-in/-/for-in-1.0.2.tgz",
      "integrity": "sha1-gQaNKVqBQuwKxybG4iAMMPttXoA="
    },
    "for-own": {
      "version": "1.0.0",
      "resolved": "https://registry.npmjs.org/for-own/-/for-own-1.0.0.tgz",
      "integrity": "sha1-xjMy9BXO3EsE2/5wz4NklMU8tEs=",
      "requires": {
        "for-in": "1.0.2"
      }
    },
    "is-extendable": {
      "version": "1.0.1",
      "resolved": "https://registry.npmjs.org/is-extendable/-/is-extendable-1.0.1.tgz",
      "integrity": "sha512-arnXMxT1hhoKo9k1LZdmlNyJdDDfy2v0fXjFlmok4+i8ul/6WlbVge9bhM74OpNPQPMGUToDtz+KXa1PneJxOA==",
      "requires": {
        "is-plain-object": "2.0.4"
      }
    },
    "is-plain-object": {
      "version": "2.0.4",
      "resolved": "https://registry.npmjs.org/is-plain-object/-/is-plain-object-2.0.4.tgz",
      "integrity": "sha512-h5PpgXkWitc38BBMYawTYMWJHFZJVnBquFE57xFpjB8pJFiF6gZ+bU+WyI/yqXiFR5mdLsgYNaPe8uao6Uv9Og==",
      "requires": {
        "isobject": "3.0.1"
      }
    },
    "isobject": {
      "version": "3.0.1",
      "resolved": "https://registry.npmjs.org/isobject/-/isobject-3.0.1.tgz",
      "integrity": "sha1-TkMekrEalzFjaqH5yNHMvP2reN8="
    },
    "kind-of": {
      "version": "6.0.2",
      "resolved": "https://registry.npmjs.org/kind-of/-/kind-of-6.0.2.tgz",
      "integrity": "sha512-s5kLOcnH0XqDO+FvuaLX8DDjZ18CGFk7VygH40QoKPUQhW4e2rvM0rwUq0t8IQDOwYSeLK01U90OjzBTme2QqA=="
    },
    "mixin-object": {
      "version": "3.0.0",
      "resolved": "https://registry.npmjs.org/mixin-object/-/mixin-object-3.0.0.tgz",
      "integrity": "sha512-RsUqTd3DyF9+UPqhLzJIWwGm4ZGIPYOu6WcQhQuBqqVBGhc6LOC8LrFk9KD7PvVwmqri45IJT88WLrNNrMWjxg==",
      "requires": {
        "for-in": "1.0.2",
        "is-extendable": "1.0.1"
      }
    },
    "shallow-clone": {
      "version": "2.0.2",
      "resolved": "https://registry.npmjs.org/shallow-clone/-/shallow-clone-2.0.2.tgz",
      "integrity": "sha512-2o81AG/RpLTAG/ZXQekPtH/6yTffzKlJ+i6UhtVTtnP6zWQaNo9vt6LI28bhZLSesB12VQSfJYtXopTogVBveg==",
      "requires": {
        "is-extendable": "1.0.1",
        "kind-of": "6.0.2",
        "mixin-object": "3.0.0"
      }
    },
    "superstruct": {
      "version": "0.5.0",
      "resolved": "https://registry.npmjs.org/superstruct/-/superstruct-0.5.0.tgz",
      "integrity": "sha512-qIQNEOsgE2Oo3rlAq6zEdtLNILP45efabbVy35PxS3RH28Q0P0lJW6b6rzFS5eU9DKEx+HdMjrD2/3W2JgObeQ==",
      "requires": {
        "clone-deep": "2.0.1",
        "kind-of": "6.0.2"
      }
    }
  }
}
